
Microsoft Visual Studio Solution File, Format Version 12.00
# Visual Studio Version 16
VisualStudioVersion = 16.0.31424.327
MinimumVisualStudioVersion = 10.0.40219.1
Project("{9A19103F-16F7-4668-BE54-9A1E7A4F7556}") = "Karol", "Karol\Karol.csproj", "{FDC0DD1F-9E25-45D3-A9BD-2CA350521174}"
EndProject
Project("{9A19103F-16F7-4668-BE54-9A1E7A4F7556}") = "TestApp", "TestApp\TestApp.csproj", "{90111810-3A0F-45E1-ACAE-5CBC63C77496}"
EndProject
Project("{9A19103F-16F7-4668-BE54-9A1E7A4F7556}") = "Doc", "Doc\Doc.csproj", "{5043171E-9754-4BDD-A686-B13F76659742}"
EndProject
Project("{9A19103F-16F7-4668-BE54-9A1E7A4F7556}") = "ComponentTest", "ComponentTest\ComponentTest.csproj", "{35F691B2-11E2-439A-99B2-A627B1B95186}"
EndProject
Global
	GlobalSection(SolutionConfigurationPlatforms) = preSolution
		Debug|Any CPU = Debug|Any CPU
		Release|Any CPU = Release|Any CPU
	EndGlobalSection
	GlobalSection(ProjectConfigurationPlatforms) = postSolution
		{FDC0DD1F-9E25-45D3-A9BD-2CA350521174}.Debug|Any CPU.ActiveCfg = Debug|Any CPU
		{FDC0DD1F-9E25-45D3-A9BD-2CA350521174}.Debug|Any CPU.Build.0 = Debug|Any CPU
		{FDC0DD1F-9E25-45D3-A9BD-2CA350521174}.Release|Any CPU.ActiveCfg = Release|Any CPU
		{FDC0DD1F-9E25-45D3-A9BD-2CA350521174}.Release|Any CPU.Build.0 = Release|Any CPU
		{90111810-3A0F-45E1-ACAE-5CBC63C77496}.Debug|Any CPU.ActiveCfg = Debug|Any CPU
		{90111810-3A0F-45E1-ACAE-5CBC63C77496}.Debug|Any CPU.Build.0 = Debug|Any CPU
		{90111810-3A0F-45E1-ACAE-5CBC63C77496}.Release|Any CPU.ActiveCfg = Release|Any CPU
		{90111810-3A0F-45E1-ACAE-5CBC63C77496}.Release|Any CPU.Build.0 = Release|Any CPU
		{5043171E-9754-4BDD-A686-B13F76659742}.Debug|Any CPU.ActiveCfg = Debug|Any CPU
		{5043171E-9754-4BDD-A686-B13F76659742}.Debug|Any CPU.Build.0 = Debug|Any CPU
		{5043171E-9754-4BDD-A686-B13F76659742}.Release|Any CPU.ActiveCfg = Release|Any CPU
		{5043171E-9754-4BDD-A686-B13F76659742}.Release|Any CPU.Build.0 = Release|Any CPU
		{35F691B2-11E2-439A-99B2-A627B1B95186}.Debug|Any CPU.ActiveCfg = Debug|Any CPU
		{35F691B2-11E2-439A-99B2-A627B1B95186}.Debug|Any CPU.Build.0 = Debug|Any CPU
		{35F691B2-11E2-439A-99B2-A627B1B95186}.Release|Any CPU.ActiveCfg = Release|Any CPU
		{35F691B2-11E2-439A-99B2-A627B1B95186}.Release|Any CPU.Build.0 = Release|Any CPU
	EndGlobalSection
	GlobalSection(SolutionProperties) = preSolution
		HideSolutionNode = FALSE
	EndGlobalSection
	GlobalSection(ExtensibilityGlobals) = postSolution
		SolutionGuid = {A78752B9-4EEC-4210-85AE-26437300B821}
	EndGlobalSection
EndGlobal
